
Microsoft Visual Studio Solution File, Format Version 12.00
Project("{FAE04EC0-301F-11D3-BF4B-00C04F79EFBC}") = "NMGC", "NMGC\NMGC.csproj", "{02582D73-FD8C-4531-9623-66B44E694486}"
EndProject
Global
	GlobalSection(SolutionConfigurationPlatforms) = preSolution
		Debug|Any CPU = Debug|Any CPU
		Release|Any CPU = Release|Any CPU
	EndGlobalSection
	GlobalSection(ProjectConfigurationPlatforms) = postSolution
		{02582D73-FD8C-4531-9623-66B44E694486}.Debug|Any CPU.ActiveCfg = Debug|Any CPU
		{02582D73-FD8C-4531-9623-66B44E694486}.Debug|Any CPU.Build.0 = Debug|Any CPU
		{02582D73-FD8C-4531-9623-66B44E694486}.Release|Any CPU.ActiveCfg = Release|Any CPU
		{02582D73-FD8C-4531-9623-66B44E694486}.Release|Any CPU.Build.0 = Release|Any CPU
	EndGlobalSection
EndGlobal
